// !$*UTF8*$!
{
	archiveVersion = 1;
	classes = {
	};
	objectVersion = 46;
	objects = {

/* Begin PBXBuildFile section */
		189AA3881B3CBEC3004CF0FB /* AppDelegate.swift in Sources */ = {isa = PBXBuildFile; fileRef = 189AA3871B3CBEC3004CF0FB /* AppDelegate.swift */; };
		189AA38A1B3CBEC3004CF0FB /* ViewController.swift in Sources */ = {isa = PBXBuildFile; fileRef = 189AA3891B3CBEC3004CF0FB /* ViewController.swift */; };
		189AA38D1B3CBEC3004CF0FB /* Main.storyboard in Resources */ = {isa = PBXBuildFile; fileRef = 189AA38B1B3CBEC3004CF0FB /* Main.storyboard */; };
		189AA38F1B3CBEC3004CF0FB /* Images.xcassets in Resources */ = {isa = PBXBuildFile; fileRef = 189AA38E1B3CBEC3004CF0FB /* Images.xcassets */; };
		189AA3921B3CBEC3004CF0FB /* LaunchScreen.xib in Resources */ = {isa = PBXBuildFile; fileRef = 189AA3901B3CBEC3004CF0FB /* LaunchScreen.xib */; };
		189AA39E1B3CBEC3004CF0FB /* swiftClientTests.swift in Sources */ = {isa = PBXBuildFile; fileRef = 189AA39D1B3CBEC3004CF0FB /* swiftClientTests.swift */; };
		18A3EFEA1B3CC18800E088BB /* dopamine.swift in Sources */ = {isa = PBXBuildFile; fileRef = 18A3EFE91B3CC18800E088BB /* dopamine.swift */; };
		18A3F0161B3CC27E00E088BB /* SwiftyJSON.framework in Frameworks */ = {isa = PBXBuildFile; fileRef = 18A3F00C1B3CC23400E088BB /* SwiftyJSON.framework */; };
		18A3F0171B3CC27E00E088BB /* SwiftyJSON.framework in Embed Frameworks */ = {isa = PBXBuildFile; fileRef = 18A3F00C1B3CC23400E088BB /* SwiftyJSON.framework */; settings = {ATTRIBUTES = (CodeSignOnCopy, RemoveHeadersOnCopy, ); }; };
		18A3F01B1B3CC28200E088BB /* CryptoSwift.framework in Frameworks */ = {isa = PBXBuildFile; fileRef = 18A3F0011B3CC22500E088BB /* CryptoSwift.framework */; };
		18A3F01C1B3CC28200E088BB /* CryptoSwift.framework in Embed Frameworks */ = {isa = PBXBuildFile; fileRef = 18A3F0011B3CC22500E088BB /* CryptoSwift.framework */; settings = {ATTRIBUTES = (CodeSignOnCopy, RemoveHeadersOnCopy, ); }; };
		18A3F01F1B3CC28900E088BB /* Alamofire.framework in Frameworks */ = {isa = PBXBuildFile; fileRef = 18A3EFF31B3CC21B00E088BB /* Alamofire.framework */; };
		18A3F0201B3CC28900E088BB /* Alamofire.framework in Embed Frameworks */ = {isa = PBXBuildFile; fileRef = 18A3EFF31B3CC21B00E088BB /* Alamofire.framework */; settings = {ATTRIBUTES = (CodeSignOnCopy, RemoveHeadersOnCopy, ); }; };
/* End PBXBuildFile section */

/* Begin PBXContainerItemProxy section */
		189AA3981B3CBEC3004CF0FB /* PBXContainerItemProxy */ = {
			isa = PBXContainerItemProxy;
			containerPortal = 189AA37A1B3CBEC3004CF0FB /* Project object */;
			proxyType = 1;
			remoteGlobalIDString = 189AA3811B3CBEC3004CF0FB;
			remoteInfo = swiftClient;
		};
		18A3EFF21B3CC21B00E088BB /* PBXContainerItemProxy */ = {
			isa = PBXContainerItemProxy;
			containerPortal = 18A3EFEB1B3CC21B00E088BB /* Alamofire.xcodeproj */;
			proxyType = 2;
			remoteGlobalIDString = F8111E3319A95C8B0040E7D1;
			remoteInfo = "Alamofire iOS";
		};
		18A3EFF41B3CC21B00E088BB /* PBXContainerItemProxy */ = {
			isa = PBXContainerItemProxy;
			containerPortal = 18A3EFEB1B3CC21B00E088BB /* Alamofire.xcodeproj */;
			proxyType = 2;
			remoteGlobalIDString = 4DD67C0B1A5C55C900ED2280;
			remoteInfo = "Alamofire OSX";
		};
		18A3EFF61B3CC21B00E088BB /* PBXContainerItemProxy */ = {
			isa = PBXContainerItemProxy;
			containerPortal = 18A3EFEB1B3CC21B00E088BB /* Alamofire.xcodeproj */;
			proxyType = 2;
			remoteGlobalIDString = F8111E3E19A95C8B0040E7D1;
			remoteInfo = "Alamofire iOS Tests";
		};
		18A3EFF81B3CC21B00E088BB /* PBXContainerItemProxy */ = {
			isa = PBXContainerItemProxy;
			containerPortal = 18A3EFEB1B3CC21B00E088BB /* Alamofire.xcodeproj */;
			proxyType = 2;
			remoteGlobalIDString = F829C6B21A7A94F100A2CD59;
			remoteInfo = "Alamofire OSX Tests";
		};
		18A3F0001B3CC22500E088BB /* PBXContainerItemProxy */ = {
			isa = PBXContainerItemProxy;
			containerPortal = 18A3EFFA1B3CC22500E088BB /* CryptoSwift.xcodeproj */;
			proxyType = 2;
			remoteGlobalIDString = 754BE45519693E190098E6F3;
			remoteInfo = CryptoSwift;
		};
		18A3F0021B3CC22500E088BB /* PBXContainerItemProxy */ = {
			isa = PBXContainerItemProxy;
			containerPortal = 18A3EFFA1B3CC22500E088BB /* CryptoSwift.xcodeproj */;
			proxyType = 2;
			remoteGlobalIDString = 754BE46019693E190098E6F3;
			remoteInfo = CryptoSwiftTests;
		};
		18A3F00B1B3CC23400E088BB /* PBXContainerItemProxy */ = {
			isa = PBXContainerItemProxy;
			containerPortal = 18A3F0041B3CC23400E088BB /* SwiftyJSON.xcodeproj */;
			proxyType = 2;
			remoteGlobalIDString = 2E4FEFDB19575BE100351305;
			remoteInfo = "SwiftyJSON iOS";
		};
		18A3F00D1B3CC23400E088BB /* PBXContainerItemProxy */ = {
			isa = PBXContainerItemProxy;
			containerPortal = 18A3F0041B3CC23400E088BB /* SwiftyJSON.xcodeproj */;
			proxyType = 2;
			remoteGlobalIDString = 2E4FEFE619575BE100351305;
			remoteInfo = "SwiftyJSON iOS Tests";
		};
		18A3F00F1B3CC23400E088BB /* PBXContainerItemProxy */ = {
			isa = PBXContainerItemProxy;
			containerPortal = 18A3F0041B3CC23400E088BB /* SwiftyJSON.xcodeproj */;
			proxyType = 2;
			remoteGlobalIDString = 9C7DFC5B1A9102BD005AA3F7;
			remoteInfo = "SwiftyJSON OSX";
		};
		18A3F0111B3CC23400E088BB /* PBXContainerItemProxy */ = {
			isa = PBXContainerItemProxy;
			containerPortal = 18A3F0041B3CC23400E088BB /* SwiftyJSON.xcodeproj */;
			proxyType = 2;
			remoteGlobalIDString = 9C7DFC651A9102BD005AA3F7;
			remoteInfo = "SwiftyJSON OSX Tests";
		};
		18A3F0181B3CC27E00E088BB /* PBXContainerItemProxy */ = {
			isa = PBXContainerItemProxy;
			containerPortal = 18A3F0041B3CC23400E088BB /* SwiftyJSON.xcodeproj */;
			proxyType = 1;
			remoteGlobalIDString = 2E4FEFDA19575BE100351305;
			remoteInfo = "SwiftyJSON iOS";
		};
		18A3F01D1B3CC28200E088BB /* PBXContainerItemProxy */ = {
			isa = PBXContainerItemProxy;
			containerPortal = 18A3EFFA1B3CC22500E088BB /* CryptoSwift.xcodeproj */;
			proxyType = 1;
			remoteGlobalIDString = 754BE45419693E190098E6F3;
			remoteInfo = CryptoSwift;
		};
		18A3F0211B3CC28900E088BB /* PBXContainerItemProxy */ = {
			isa = PBXContainerItemProxy;
			containerPortal = 18A3EFEB1B3CC21B00E088BB /* Alamofire.xcodeproj */;
			proxyType = 1;
			remoteGlobalIDString = F8111E3219A95C8B0040E7D1;
			remoteInfo = "Alamofire iOS";
		};
/* End PBXContainerItemProxy section */

/* Begin PBXCopyFilesBuildPhase section */
		18A3F01A1B3CC27E00E088BB /* Embed Frameworks */ = {
			isa = PBXCopyFilesBuildPhase;
			buildActionMask = 2147483647;
			dstPath = "";
			dstSubfolderSpec = 10;
			files = (
				18A3F0171B3CC27E00E088BB /* SwiftyJSON.framework in Embed Frameworks */,
				18A3F0201B3CC28900E088BB /* Alamofire.framework in Embed Frameworks */,
				18A3F01C1B3CC28200E088BB /* CryptoSwift.framework in Embed Frameworks */,
			);
			name = "Embed Frameworks";
			runOnlyForDeploymentPostprocessing = 0;
		};
/* End PBXCopyFilesBuildPhase section */

/* Begin PBXFileReference section */
		189AA3821B3CBEC3004CF0FB /* swiftClient.app */ = {isa = PBXFileReference; explicitFileType = wrapper.application; includeInIndex = 0; path = swiftClient.app; sourceTree = BUILT_PRODUCTS_DIR; };
		189AA3861B3CBEC3004CF0FB /* Info.plist */ = {isa = PBXFileReference; lastKnownFileType = text.plist.xml; path = Info.plist; sourceTree = "<group>"; };
		189AA3871B3CBEC3004CF0FB /* AppDelegate.swift */ = {isa = PBXFileReference; lastKnownFileType = sourcecode.swift; path = AppDelegate.swift; sourceTree = "<group>"; };
		189AA3891B3CBEC3004CF0FB /* ViewController.swift */ = {isa = PBXFileReference; lastKnownFileType = sourcecode.swift; path = ViewController.swift; sourceTree = "<group>"; };
		189AA38C1B3CBEC3004CF0FB /* Base */ = {isa = PBXFileReference; lastKnownFileType = file.storyboard; name = Base; path = Base.lproj/Main.storyboard; sourceTree = "<group>"; };
		189AA38E1B3CBEC3004CF0FB /* Images.xcassets */ = {isa = PBXFileReference; lastKnownFileType = folder.assetcatalog; path = Images.xcassets; sourceTree = "<group>"; };
		189AA3911B3CBEC3004CF0FB /* Base */ = {isa = PBXFileReference; lastKnownFileType = file.xib; name = Base; path = Base.lproj/LaunchScreen.xib; sourceTree = "<group>"; };
		189AA3971B3CBEC3004CF0FB /* swiftClientTests.xctest */ = {isa = PBXFileReference; explicitFileType = wrapper.cfbundle; includeInIndex = 0; path = swiftClientTests.xctest; sourceTree = BUILT_PRODUCTS_DIR; };
		189AA39C1B3CBEC3004CF0FB /* Info.plist */ = {isa = PBXFileReference; lastKnownFileType = text.plist.xml; path = Info.plist; sourceTree = "<group>"; };
		189AA39D1B3CBEC3004CF0FB /* swiftClientTests.swift */ = {isa = PBXFileReference; lastKnownFileType = sourcecode.swift; path = swiftClientTests.swift; sourceTree = "<group>"; };
		18A3EFE91B3CC18800E088BB /* dopamine.swift */ = {isa = PBXFileReference; fileEncoding = 4; lastKnownFileType = sourcecode.swift; path = dopamine.swift; sourceTree = SOURCE_ROOT; };
		18A3EFEB1B3CC21B00E088BB /* Alamofire.xcodeproj */ = {isa = PBXFileReference; lastKnownFileType = "wrapper.pb-project"; name = Alamofire.xcodeproj; path = Alamofire/Alamofire.xcodeproj; sourceTree = "<group>"; };
		18A3EFFA1B3CC22500E088BB /* CryptoSwift.xcodeproj */ = {isa = PBXFileReference; lastKnownFileType = "wrapper.pb-project"; name = CryptoSwift.xcodeproj; path = CryptoSwift/CryptoSwift.xcodeproj; sourceTree = "<group>"; };
		18A3F0041B3CC23400E088BB /* SwiftyJSON.xcodeproj */ = {isa = PBXFileReference; lastKnownFileType = "wrapper.pb-project"; name = SwiftyJSON.xcodeproj; path = SwiftyJSON/SwiftyJSON.xcodeproj; sourceTree = "<group>"; };
/* End PBXFileReference section */

/* Begin PBXFrameworksBuildPhase section */
		189AA37F1B3CBEC3004CF0FB /* Frameworks */ = {
			isa = PBXFrameworksBuildPhase;
			buildActionMask = 2147483647;
			files = (
				18A3F0161B3CC27E00E088BB /* SwiftyJSON.framework in Frameworks */,
				18A3F01F1B3CC28900E088BB /* Alamofire.framework in Frameworks */,
				18A3F01B1B3CC28200E088BB /* CryptoSwift.framework in Frameworks */,
			);
			runOnlyForDeploymentPostprocessing = 0;
		};
		189AA3941B3CBEC3004CF0FB /* Frameworks */ = {
			isa = PBXFrameworksBuildPhase;
			buildActionMask = 2147483647;
			files = (
			);
			runOnlyForDeploymentPostprocessing = 0;
		};
/* End PBXFrameworksBuildPhase section */

/* Begin PBXGroup section */
		189AA3791B3CBEC3004CF0FB = {
			isa = PBXGroup;
			children = (
				18A3F0041B3CC23400E088BB /* SwiftyJSON.xcodeproj */,
				18A3EFFA1B3CC22500E088BB /* CryptoSwift.xcodeproj */,
				18A3EFEB1B3CC21B00E088BB /* Alamofire.xcodeproj */,
				189AA3841B3CBEC3004CF0FB /* swiftClient */,
				189AA39A1B3CBEC3004CF0FB /* swiftClientTests */,
				189AA3831B3CBEC3004CF0FB /* Products */,
			);
			sourceTree = "<group>";
		};
		189AA3831B3CBEC3004CF0FB /* Products */ = {
			isa = PBXGroup;
			children = (
				189AA3821B3CBEC3004CF0FB /* swiftClient.app */,
				189AA3971B3CBEC3004CF0FB /* swiftClientTests.xctest */,
			);
			name = Products;
			sourceTree = "<group>";
		};
		189AA3841B3CBEC3004CF0FB /* swiftClient */ = {
			isa = PBXGroup;
			children = (
				18A3EFE91B3CC18800E088BB /* dopamine.swift */,
				189AA3871B3CBEC3004CF0FB /* AppDelegate.swift */,
				189AA3891B3CBEC3004CF0FB /* ViewController.swift */,
				189AA38B1B3CBEC3004CF0FB /* Main.storyboard */,
				189AA38E1B3CBEC3004CF0FB /* Images.xcassets */,
				189AA3901B3CBEC3004CF0FB /* LaunchScreen.xib */,
				189AA3851B3CBEC3004CF0FB /* Supporting Files */,
			);
			path = swiftClient;
			sourceTree = "<group>";
		};
		189AA3851B3CBEC3004CF0FB /* Supporting Files */ = {
			isa = PBXGroup;
			children = (
				189AA3861B3CBEC3004CF0FB /* Info.plist */,
			);
			name = "Supporting Files";
			sourceTree = "<group>";
		};
		189AA39A1B3CBEC3004CF0FB /* swiftClientTests */ = {
			isa = PBXGroup;
			children = (
				189AA39D1B3CBEC3004CF0FB /* swiftClientTests.swift */,
				189AA39B1B3CBEC3004CF0FB /* Supporting Files */,
			);
			path = swiftClientTests;
			sourceTree = "<group>";
		};
		189AA39B1B3CBEC3004CF0FB /* Supporting Files */ = {
			isa = PBXGroup;
			children = (
				189AA39C1B3CBEC3004CF0FB /* Info.plist */,
			);
			name = "Supporting Files";
			sourceTree = "<group>";
		};
		18A3EFEC1B3CC21B00E088BB /* Products */ = {
			isa = PBXGroup;
			children = (
				18A3EFF31B3CC21B00E088BB /* Alamofire.framework */,
				18A3EFF51B3CC21B00E088BB /* Alamofire.framework */,
				18A3EFF71B3CC21B00E088BB /* Alamofire iOS Tests.xctest */,
				18A3EFF91B3CC21B00E088BB /* Alamofire OSX Tests.xctest */,
			);
			name = Products;
			sourceTree = "<group>";
		};
		18A3EFFB1B3CC22500E088BB /* Products */ = {
			isa = PBXGroup;
			children = (
				18A3F0011B3CC22500E088BB /* CryptoSwift.framework */,
				18A3F0031B3CC22500E088BB /* CryptoSwiftTests.xctest */,
			);
			name = Products;
			sourceTree = "<group>";
		};
		18A3F0051B3CC23400E088BB /* Products */ = {
			isa = PBXGroup;
			children = (
				18A3F00C1B3CC23400E088BB /* SwiftyJSON.framework */,
				18A3F00E1B3CC23400E088BB /* SwiftyJSON iOS Tests.xctest */,
				18A3F0101B3CC23400E088BB /* SwiftyJSON.framework */,
				18A3F0121B3CC23400E088BB /* SwiftyJSON OSX Tests.xctest */,
			);
			name = Products;
			sourceTree = "<group>";
		};
/* End PBXGroup section */

/* Begin PBXNativeTarget section */
		189AA3811B3CBEC3004CF0FB /* swiftClient */ = {
			isa = PBXNativeTarget;
			buildConfigurationList = 189AA3A11B3CBEC3004CF0FB /* Build configuration list for PBXNativeTarget "swiftClient" */;
			buildPhases = (
				189AA37E1B3CBEC3004CF0FB /* Sources */,
				189AA37F1B3CBEC3004CF0FB /* Frameworks */,
				189AA3801B3CBEC3004CF0FB /* Resources */,
				18A3F01A1B3CC27E00E088BB /* Embed Frameworks */,
			);
			buildRules = (
			);
			dependencies = (
				18A3F0191B3CC27E00E088BB /* PBXTargetDependency */,
				18A3F01E1B3CC28200E088BB /* PBXTargetDependency */,
				18A3F0221B3CC28900E088BB /* PBXTargetDependency */,
			);
			name = swiftClient;
			productName = swiftClient;
			productReference = 189AA3821B3CBEC3004CF0FB /* swiftClient.app */;
			productType = "com.apple.product-type.application";
		};
		189AA3961B3CBEC3004CF0FB /* swiftClientTests */ = {
			isa = PBXNativeTarget;
			buildConfigurationList = 189AA3A41B3CBEC3004CF0FB /* Build configuration list for PBXNativeTarget "swiftClientTests" */;
			buildPhases = (
				189AA3931B3CBEC3004CF0FB /* Sources */,
				189AA3941B3CBEC3004CF0FB /* Frameworks */,
				189AA3951B3CBEC3004CF0FB /* Resources */,
			);
			buildRules = (
			);
			dependencies = (
				189AA3991B3CBEC3004CF0FB /* PBXTargetDependency */,
			);
			name = swiftClientTests;
			productName = swiftClientTests;
			productReference = 189AA3971B3CBEC3004CF0FB /* swiftClientTests.xctest */;
			productType = "com.apple.product-type.bundle.unit-test";
		};
/* End PBXNativeTarget section */

/* Begin PBXProject section */
		189AA37A1B3CBEC3004CF0FB /* Project object */ = {
			isa = PBXProject;
			attributes = {
				LastUpgradeCheck = 0630;
				ORGANIZATIONNAME = Dopamine;
				TargetAttributes = {
					189AA3811B3CBEC3004CF0FB = {
						CreatedOnToolsVersion = 6.3.2;
					};
					189AA3961B3CBEC3004CF0FB = {
						CreatedOnToolsVersion = 6.3.2;
						TestTargetID = 189AA3811B3CBEC3004CF0FB;
					};
				};
			};
			buildConfigurationList = 189AA37D1B3CBEC3004CF0FB /* Build configuration list for PBXProject "swiftClient" */;
			compatibilityVersion = "Xcode 3.2";
			developmentRegion = English;
			hasScannedForEncodings = 0;
			knownRegions = (
				en,
				Base,
			);
			mainGroup = 189AA3791B3CBEC3004CF0FB;
			productRefGroup = 189AA3831B3CBEC3004CF0FB /* Products */;
			projectDirPath = "";
			projectReferences = (
				{
					ProductGroup = 18A3EFEC1B3CC21B00E088BB /* Products */;
					ProjectRef = 18A3EFEB1B3CC21B00E088BB /* Alamofire.xcodeproj */;
				},
				{
					ProductGroup = 18A3EFFB1B3CC22500E088BB /* Products */;
					ProjectRef = 18A3EFFA1B3CC22500E088BB /* CryptoSwift.xcodeproj */;
				},
				{
					ProductGroup = 18A3F0051B3CC23400E088BB /* Products */;
					ProjectRef = 18A3F0041B3CC23400E088BB /* SwiftyJSON.xcodeproj */;
				},
			);
			projectRoot = "";
			targets = (
				189AA3811B3CBEC3004CF0FB /* swiftClient */,
				189AA3961B3CBEC3004CF0FB /* swiftClientTests */,
			);
		};
/* End PBXProject section */

/* Begin PBXReferenceProxy section */
		18A3EFF31B3CC21B00E088BB /* Alamofire.framework */ = {
			isa = PBXReferenceProxy;
			fileType = wrapper.framework;
			path = Alamofire.framework;
			remoteRef = 18A3EFF21B3CC21B00E088BB /* PBXContainerItemProxy */;
			sourceTree = BUILT_PRODUCTS_DIR;
		};
		18A3EFF51B3CC21B00E088BB /* Alamofire.framework */ = {
			isa = PBXReferenceProxy;
			fileType = wrapper.framework;
			path = Alamofire.framework;
			remoteRef = 18A3EFF41B3CC21B00E088BB /* PBXContainerItemProxy */;
			sourceTree = BUILT_PRODUCTS_DIR;
		};
		18A3EFF71B3CC21B00E088BB /* Alamofire iOS Tests.xctest */ = {
			isa = PBXReferenceProxy;
			fileType = wrapper.cfbundle;
			path = "Alamofire iOS Tests.xctest";
			remoteRef = 18A3EFF61B3CC21B00E088BB /* PBXContainerItemProxy */;
			sourceTree = BUILT_PRODUCTS_DIR;
		};
		18A3EFF91B3CC21B00E088BB /* Alamofire OSX Tests.xctest */ = {
			isa = PBXReferenceProxy;
			fileType = wrapper.cfbundle;
			path = "Alamofire OSX Tests.xctest";
			remoteRef = 18A3EFF81B3CC21B00E088BB /* PBXContainerItemProxy */;
			sourceTree = BUILT_PRODUCTS_DIR;
		};
		18A3F0011B3CC22500E088BB /* CryptoSwift.framework */ = {
			isa = PBXReferenceProxy;
			fileType = wrapper.framework;
			path = CryptoSwift.framework;
			remoteRef = 18A3F0001B3CC22500E088BB /* PBXContainerItemProxy */;
			sourceTree = BUILT_PRODUCTS_DIR;
		};
		18A3F0031B3CC22500E088BB /* CryptoSwiftTests.xctest */ = {
			isa = PBXReferenceProxy;
			fileType = wrapper.cfbundle;
			path = CryptoSwiftTests.xctest;
			remoteRef = 18A3F0021B3CC22500E088BB /* PBXContainerItemProxy */;
			sourceTree = BUILT_PRODUCTS_DIR;
		};
		18A3F00C1B3CC23400E088BB /* SwiftyJSON.framework */ = {
			isa = PBXReferenceProxy;
			fileType = wrapper.framework;
			path = SwiftyJSON.framework;
			remoteRef = 18A3F00B1B3CC23400E088BB /* PBXContainerItemProxy */;
			sourceTree = BUILT_PRODUCTS_DIR;
		};
		18A3F00E1B3CC23400E088BB /* SwiftyJSON iOS Tests.xctest */ = {
			isa = PBXReferenceProxy;
			fileType = wrapper.cfbundle;
			path = "SwiftyJSON iOS Tests.xctest";
			remoteRef = 18A3F00D1B3CC23400E088BB /* PBXContainerItemProxy */;
			sourceTree = BUILT_PRODUCTS_DIR;
		};
		18A3F0101B3CC23400E088BB /* SwiftyJSON.framework */ = {
			isa = PBXReferenceProxy;
			fileType = wrapper.framework;
			path = SwiftyJSON.framework;
			remoteRef = 18A3F00F1B3CC23400E088BB /* PBXContainerItemProxy */;
			sourceTree = BUILT_PRODUCTS_DIR;
		};
		18A3F0121B3CC23400E088BB /* SwiftyJSON OSX Tests.xctest */ = {
			isa = PBXReferenceProxy;
			fileType = wrapper.cfbundle;
			path = "SwiftyJSON OSX Tests.xctest";
			remoteRef = 18A3F0111B3CC23400E088BB /* PBXContainerItemProxy */;
			sourceTree = BUILT_PRODUCTS_DIR;
		};
/* End PBXReferenceProxy section */

/* Begin PBXResourcesBuildPhase section */
		189AA3801B3CBEC3004CF0FB /* Resources */ = {
			isa = PBXResourcesBuildPhase;
			buildActionMask = 2147483647;
			files = (
				189AA38D1B3CBEC3004CF0FB /* Main.storyboard in Resources */,
				189AA3921B3CBEC3004CF0FB /* LaunchScreen.xib in Resources */,
				189AA38F1B3CBEC3004CF0FB /* Images.xcassets in Resources */,
			);
			runOnlyForDeploymentPostprocessing = 0;
		};
		189AA3951B3CBEC3004CF0FB /* Resources */ = {
			isa = PBXResourcesBuildPhase;
			buildActionMask = 2147483647;
			files = (
			);
			runOnlyForDeploymentPostprocessing = 0;
		};
/* End PBXResourcesBuildPhase section */

/* Begin PBXSourcesBuildPhase section */
		189AA37E1B3CBEC3004CF0FB /* Sources */ = {
			isa = PBXSourcesBuildPhase;
			buildActionMask = 2147483647;
			files = (
				189AA38A1B3CBEC3004CF0FB /* ViewController.swift in Sources */,
				18A3EFEA1B3CC18800E088BB /* dopamine.swift in Sources */,
				189AA3881B3CBEC3004CF0FB /* AppDelegate.swift in Sources */,
			);
			runOnlyForDeploymentPostprocessing = 0;
		};
		189AA3931B3CBEC3004CF0FB /* Sources */ = {
			isa = PBXSourcesBuildPhase;
			buildActionMask = 2147483647;
			files = (
				189AA39E1B3CBEC3004CF0FB /* swiftClientTests.swift in Sources */,
			);
			runOnlyForDeploymentPostprocessing = 0;
		};
/* End PBXSourcesBuildPhase section */

/* Begin PBXTargetDependency section */
		189AA3991B3CBEC3004CF0FB /* PBXTargetDependency */ = {
			isa = PBXTargetDependency;
			target = 189AA3811B3CBEC3004CF0FB /* swiftClient */;
			targetProxy = 189AA3981B3CBEC3004CF0FB /* PBXContainerItemProxy */;
		};
		18A3F0191B3CC27E00E088BB /* PBXTargetDependency */ = {
			isa = PBXTargetDependency;
			name = "SwiftyJSON iOS";
			targetProxy = 18A3F0181B3CC27E00E088BB /* PBXContainerItemProxy */;
		};
		18A3F01E1B3CC28200E088BB /* PBXTargetDependency */ = {
			isa = PBXTargetDependency;
			name = CryptoSwift;
			targetProxy = 18A3F01D1B3CC28200E088BB /* PBXContainerItemProxy */;
		};
		18A3F0221B3CC28900E088BB /* PBXTargetDependency */ = {
			isa = PBXTargetDependency;
			name = "Alamofire iOS";
			targetProxy = 18A3F0211B3CC28900E088BB /* PBXContainerItemProxy */;
		};
/* End PBXTargetDependency section */

/* Begin PBXVariantGroup section */
		189AA38B1B3CBEC3004CF0FB /* Main.storyboard */ = {
			isa = PBXVariantGroup;
			children = (
				189AA38C1B3CBEC3004CF0FB /* Base */,
			);
			name = Main.storyboard;
			sourceTree = "<group>";
		};
		189AA3901B3CBEC3004CF0FB /* LaunchScreen.xib */ = {
			isa = PBXVariantGroup;
			children = (
				189AA3911B3CBEC3004CF0FB /* Base */,
			);
			name = LaunchScreen.xib;
			sourceTree = "<group>";
		};
/* End PBXVariantGroup section */

/* Begin XCBuildConfiguration section */
		189AA39F1B3CBEC3004CF0FB /* Debug */ = {
			isa = XCBuildConfiguration;
			buildSettings = {
				ALWAYS_SEARCH_USER_PATHS = NO;
				CLANG_CXX_LANGUAGE_STANDARD = "gnu++0x";
				CLANG_CXX_LIBRARY = "libc++";
				CLANG_ENABLE_MODULES = YES;
				CLANG_ENABLE_OBJC_ARC = YES;
				CLANG_WARN_BOOL_CONVERSION = YES;
				CLANG_WARN_CONSTANT_CONVERSION = YES;
				CLANG_WARN_DIRECT_OBJC_ISA_USAGE = YES_ERROR;
				CLANG_WARN_EMPTY_BODY = YES;
				CLANG_WARN_ENUM_CONVERSION = YES;
				CLANG_WARN_INT_CONVERSION = YES;
				CLANG_WARN_OBJC_ROOT_CLASS = YES_ERROR;
				CLANG_WARN_UNREACHABLE_CODE = YES;
				CLANG_WARN__DUPLICATE_METHOD_MATCH = YES;
				"CODE_SIGN_IDENTITY[sdk=iphoneos*]" = "iPhone Developer";
				COPY_PHASE_STRIP = NO;
				DEBUG_INFORMATION_FORMAT = "dwarf-with-dsym";
				ENABLE_STRICT_OBJC_MSGSEND = YES;
				GCC_C_LANGUAGE_STANDARD = gnu99;
				GCC_DYNAMIC_NO_PIC = NO;
				GCC_NO_COMMON_BLOCKS = YES;
				GCC_OPTIMIZATION_LEVEL = 0;
				GCC_PREPROCESSOR_DEFINITIONS = (
					"DEBUG=1",
					"$(inherited)",
				);
				GCC_SYMBOLS_PRIVATE_EXTERN = NO;
				GCC_WARN_64_TO_32_BIT_CONVERSION = YES;
				GCC_WARN_ABOUT_RETURN_TYPE = YES_ERROR;
				GCC_WARN_UNDECLARED_SELECTOR = YES;
				GCC_WARN_UNINITIALIZED_AUTOS = YES_AGGRESSIVE;
				GCC_WARN_UNUSED_FUNCTION = YES;
				GCC_WARN_UNUSED_VARIABLE = YES;
				IPHONEOS_DEPLOYMENT_TARGET = 8.1;
				MTL_ENABLE_DEBUG_INFO = YES;
				ONLY_ACTIVE_ARCH = YES;
				SDKROOT = iphoneos;
				SWIFT_OPTIMIZATION_LEVEL = "-Onone";
				TARGETED_DEVICE_FAMILY = "1,2";
			};
			name = Debug;
		};
		189AA3A01B3CBEC3004CF0FB /* Release */ = {
			isa = XCBuildConfiguration;
			buildSettings = {
				ALWAYS_SEARCH_USER_PATHS = NO;
				CLANG_CXX_LANGUAGE_STANDARD = "gnu++0x";
				CLANG_CXX_LIBRARY = "libc++";
				CLANG_ENABLE_MODULES = YES;
				CLANG_ENABLE_OBJC_ARC = YES;
				CLANG_WARN_BOOL_CONVERSION = YES;
				CLANG_WARN_CONSTANT_CONVERSION = YES;
				CLANG_WARN_DIRECT_OBJC_ISA_USAGE = YES_ERROR;
				CLANG_WARN_EMPTY_BODY = YES;
				CLANG_WARN_ENUM_CONVERSION = YES;
				CLANG_WARN_INT_CONVERSION = YES;
				CLANG_WARN_OBJC_ROOT_CLASS = YES_ERROR;
				CLANG_WARN_UNREACHABLE_CODE = YES;
				CLANG_WARN__DUPLICATE_METHOD_MATCH = YES;
				"CODE_SIGN_IDENTITY[sdk=iphoneos*]" = "iPhone Developer";
				COPY_PHASE_STRIP = NO;
				DEBUG_INFORMATION_FORMAT = "dwarf-with-dsym";
				ENABLE_NS_ASSERTIONS = NO;
				ENABLE_STRICT_OBJC_MSGSEND = YES;
				GCC_C_LANGUAGE_STANDARD = gnu99;
				GCC_NO_COMMON_BLOCKS = YES;
				GCC_WARN_64_TO_32_BIT_CONVERSION = YES;
				GCC_WARN_ABOUT_RETURN_TYPE = YES_ERROR;
				GCC_WARN_UNDECLARED_SELECTOR = YES;
				GCC_WARN_UNINITIALIZED_AUTOS = YES_AGGRESSIVE;
				GCC_WARN_UNUSED_FUNCTION = YES;
				GCC_WARN_UNUSED_VARIABLE = YES;
				IPHONEOS_DEPLOYMENT_TARGET = 8.1;
				MTL_ENABLE_DEBUG_INFO = NO;
				SDKROOT = iphoneos;
				TARGETED_DEVICE_FAMILY = "1,2";
				VALIDATE_PRODUCT = YES;
			};
			name = Release;
		};
		189AA3A21B3CBEC3004CF0FB /* Debug */ = {
			isa = XCBuildConfiguration;
			buildSettings = {
				ASSETCATALOG_COMPILER_APPICON_NAME = AppIcon;
				INFOPLIST_FILE = swiftClient/Info.plist;
				LD_RUNPATH_SEARCH_PATHS = "$(inherited) @executable_path/Frameworks";
				PRODUCT_NAME = "$(TARGET_NAME)";
			};
			name = Debug;
		};
		189AA3A31B3CBEC3004CF0FB /* Release */ = {
			isa = XCBuildConfiguration;
			buildSettings = {
				ASSETCATALOG_COMPILER_APPICON_NAME = AppIcon;
				INFOPLIST_FILE = swiftClient/Info.plist;
				LD_RUNPATH_SEARCH_PATHS = "$(inherited) @executable_path/Frameworks";
				PRODUCT_NAME = "$(TARGET_NAME)";
			};
			name = Release;
		};
		189AA3A51B3CBEC3004CF0FB /* Debug */ = {
			isa = XCBuildConfiguration;
			buildSettings = {
				BUNDLE_LOADER = "$(TEST_HOST)";
				FRAMEWORK_SEARCH_PATHS = (
					"$(SDKROOT)/Developer/Library/Frameworks",
					"$(inherited)",
				);
				GCC_PREPROCESSOR_DEFINITIONS = (
					"DEBUG=1",
					"$(inherited)",
				);
				INFOPLIST_FILE = swiftClientTests/Info.plist;
				LD_RUNPATH_SEARCH_PATHS = "$(inherited) @executable_path/Frameworks @loader_path/Frameworks";
				PRODUCT_NAME = "$(TARGET_NAME)";
				TEST_HOST = "$(BUILT_PRODUCTS_DIR)/swiftClient.app/swiftClient";
			};
			name = Debug;
		};
		189AA3A61B3CBEC3004CF0FB /* Release */ = {
			isa = XCBuildConfiguration;
			buildSettings = {
				BUNDLE_LOADER = "$(TEST_HOST)";
				FRAMEWORK_SEARCH_PATHS = (
					"$(SDKROOT)/Developer/Library/Frameworks",
					"$(inherited)",
				);
				INFOPLIST_FILE = swiftClientTests/Info.plist;
				LD_RUNPATH_SEARCH_PATHS = "$(inherited) @executable_path/Frameworks @loader_path/Frameworks";
				PRODUCT_NAME = "$(TARGET_NAME)";
				TEST_HOST = "$(BUILT_PRODUCTS_DIR)/swiftClient.app/swiftClient";
			};
			name = Release;
		};
/* End XCBuildConfiguration section */

/* Begin XCConfigurationList section */
		189AA37D1B3CBEC3004CF0FB /* Build configuration list for PBXProject "swiftClient" */ = {
			isa = XCConfigurationList;
			buildConfigurations = (
				189AA39F1B3CBEC3004CF0FB /* Debug */,
				189AA3A01B3CBEC3004CF0FB /* Release */,
			);
			defaultConfigurationIsVisible = 0;
			defaultConfigurationName = Release;
		};
		189AA3A11B3CBEC3004CF0FB /* Build configuration list for PBXNativeTarget "swiftClient" */ = {
			isa = XCConfigurationList;
			buildConfigurations = (
				189AA3A21B3CBEC3004CF0FB /* Debug */,
				189AA3A31B3CBEC3004CF0FB /* Release */,
			);
			defaultConfigurationIsVisible = 0;
			defaultConfigurationName = Release;
		};
		189AA3A41B3CBEC3004CF0FB /* Build configuration list for PBXNativeTarget "swiftClientTests" */ = {
			isa = XCConfigurationList;
			buildConfigurations = (
				189AA3A51B3CBEC3004CF0FB /* Debug */,
				189AA3A61B3CBEC3004CF0FB /* Release */,
			);
			defaultConfigurationIsVisible = 0;
			defaultConfigurationName = Release;
		};
/* End XCConfigurationList section */
	};
	rootObject = 189AA37A1B3CBEC3004CF0FB /* Project object */;
}
