PODS:
  - Alamofire (1.2.3)
  - CryptoSwift (0.0.13)
  - SwiftyJSON (2.2.1)

DEPENDENCIES:
  - Alamofire (~> 1.2.3)
  - CryptoSwift (~> 0.0.11)
  - SwiftyJSON (~> 2.2.0)

SPEC CHECKSUMS:
  Alamofire: 5550bf0b575ed1a4bf9be572f9463e1015cc169e
  CryptoSwift: 33e2ba400d514a054c69e9f9f6c08a992e42f91c
  SwiftyJSON: ae2d0a3d68025d136602a33c4ee215091ced3e33

COCOAPODS: 0.38.2
